{
  "name": "weekend",
  "version": "1.0.1",
  "lockfileVersion": 1,
  "requires": true,
  "dependencies": {
    "builtin-modules": {
      "version": "2.0.0",
      "resolved": "https://registry.npmjs.org/builtin-modules/-/builtin-modules-2.0.0.tgz",
      "integrity": "sha512-3U5kUA5VPsRUA3nofm/BXX7GVHKfxz0hOBAPxXrIvHzlDRkQVqEn6yi8QJegxl4LzOHLdvb7XF5dVawa/VVYBg==",
      "dev": true
    },
    "hyperhtml": {
      "version": "2.6.0",
      "resolved": "https://registry.npmjs.org/hyperhtml/-/hyperhtml-2.6.0.tgz",
      "integrity": "sha512-AFhAXX8PiBdPdxHTPMZnMhDKk1Uvv/Dfvt6ezbn38LkmiVlrXBZp+cc9gSJakVoAQQgnC9AupeycyihxUhvSqQ==",
      "requires": {
        "lightercollective": "0.0.3"
      }
    },
    "is-module": {
      "version": "1.0.0",
      "resolved": "https://registry.npmjs.org/is-module/-/is-module-1.0.0.tgz",
      "integrity": "sha1-Mlj7afeMFNW4FdZkM2tM/7ZEFZE=",
      "dev": true
    },
    "lightercollective": {
      "version": "0.0.3",
      "resolved": "https://registry.npmjs.org/lightercollective/-/lightercollective-0.0.3.tgz",
      "integrity": "sha512-AUIsWs96N5tESFu/XpvYJvoaGg0Qf0i5wcjMgop4OVsRNdzII+clf52/FSGeaMiZym6l34JhO6zNFunFUHV3YA=="
    },
    "mime": {
      "version": "1.6.0",
      "resolved": "https://registry.npmjs.org/mime/-/mime-1.6.0.tgz",
      "integrity": "sha512-x0Vn8spI+wuJ1O6S7gnbaQg8Pxh4NNHb7KSINmEWKiPE4RKOplvijn+NkmYmmRgP68mc70j2EbeTFRsrswaQeg==",
      "dev": true
    },
    "opener": {
      "version": "1.4.3",
      "resolved": "https://registry.npmjs.org/opener/-/opener-1.4.3.tgz",
      "integrity": "sha1-XG2ixdflgx6P+jlklQ+NZnSskLg=",
      "dev": true
    },
    "path-parse": {
      "version": "1.0.5",
      "resolved": "https://registry.npmjs.org/path-parse/-/path-parse-1.0.5.tgz",
      "integrity": "sha1-PBrfhx6pzWyUMbbqK9dKD/BVxME=",
      "dev": true
    },
    "resolve": {
      "version": "1.5.0",
      "resolved": "https://registry.npmjs.org/resolve/-/resolve-1.5.0.tgz",
      "integrity": "sha512-hgoSGrc3pjzAPHNBg+KnFcK2HwlHTs/YrAGUr6qgTVUZmXv1UEXXl0bZNBKMA9fud6lRYFdPGz0xXxycPzmmiw==",
      "dev": true,
      "requires": {
        "path-parse": "1.0.5"
      }
    },
    "rollup": {
      "version": "0.56.5",
      "resolved": "https://registry.npmjs.org/rollup/-/rollup-0.56.5.tgz",
      "integrity": "sha512-IGPk5vdWrsc4vkiW9XMeXr5QMtxmvATTttTi59w2jBQWe9G/MMQtn8teIBAj+DdK51TrpVT6P0aQUaQUlUYCJA==",
      "dev": true
    },
    "rollup-plugin-node-resolve": {
      "version": "3.2.0",
      "resolved": "https://registry.npmjs.org/rollup-plugin-node-resolve/-/rollup-plugin-node-resolve-3.2.0.tgz",
      "integrity": "sha512-stvVrKaQiNu65ObGJLCHyHH/NXjiPMt/ZHwvl444KgJPrii1zCgyg+NTK2Uy6WExL+OuUWdHd7T8EoPQDtYEkw==",
      "dev": true,
      "requires": {
        "builtin-modules": "2.0.0",
        "is-module": "1.0.0",
        "resolve": "1.5.0"
      }
    },
    "rollup-plugin-serve": {
      "version": "0.4.2",
      "resolved": "https://registry.npmjs.org/rollup-plugin-serve/-/rollup-plugin-serve-0.4.2.tgz",
      "integrity": "sha512-lQX8/MSgWDrsbp8euBQKxJ9O2KxQerMVmStYi3zlP9jYL1v3OPtWyXbWNRfgeQTTNJtcQvaZglMGWw9YTLWw3A==",
      "dev": true,
      "requires": {
        "mime": "1.6.0",
        "opener": "1.4.3"
      }
    }
  }
}
